<?xml version="1.0" encoding="utf-8"?>
<Project ToolsVersion="16.0" xmlns="http://schemas.microsoft.com/developer/msbuild/2003">
  <ItemGroup>
    <CustomBuild Include="C:\Users\ASUS\Aakash\Coding\Python K12\darknet\CMakeFiles\2f4017af0179c32cfae67fc6841aacc0\generate.stamp.rule">
      <Filter>CMake Rules</Filter>
    </CustomBuild>
  </ItemGroup>
  <ItemGroup>
    <Filter Include="CMake Rules">
      <UniqueIdentifier>{616651AF-642B-3F39-8CC1-15BDD4420753}</UniqueIdentifier>
    </Filter>
  </ItemGroup>
</Project>
